<?xml version="1.0" encoding="utf-8"?>
<Project ToolsVersion="4.0" xmlns="http://schemas.microsoft.com/developer/msbuild/2003">
  <ItemGroup>
    <Filter Include="Source Files">
      <UniqueIdentifier>{4FC737F1-C7A5-4376-A066-2A32D752A2FF}</UniqueIdentifier>
      <Extensions>cpp;c;cc;cxx;def;odl;idl;hpj;bat;asm;asmx</Extensions>
    </Filter>
    <Filter Include="Header Files">
      <UniqueIdentifier>{93995380-89BD-4b04-88EB-625FBE52EBFB}</UniqueIdentifier>
      <Extensions>h;hh;hpp;hxx;hm;inl;inc;ipp;xsd</Extensions>
    </Filter>
    <Filter Include="Resource Files">
      <UniqueIdentifier>{67DA6AB6-F800-4c08-8B7A-83BB121AAD01}</UniqueIdentifier>
      <Extensions>rc;ico;cur;bmp;dlg;rc2;rct;bin;rgs;gif;jpg;jpeg;jpe;resx;tiff;tif;png;wav;mfcribbon-ms</Extensions>
    </Filter>
    <Filter Include="Source Files\gfx">
      <UniqueIdentifier>{b0795ff9-af0d-4689-9aa5-d3344e51b162}</UniqueIdentifier>
    </Filter>
    <Filter Include="Source Files\obj">
      <UniqueIdentifier>{98c0bd7d-c96b-4822-a775-67d2a6255efb}</UniqueIdentifier>
    </Filter>
    <Filter Include="Source Files\input">
      <UniqueIdentifier>{8d5fb6b5-b880-4ad1-a235-830a9e9eb1ba}</UniqueIdentifier>
    </Filter>
    <Filter Include="Source Files\mode">
      <UniqueIdentifier>{8e8baf0a-958e-4fdd-8de2-8a28056fecd9}</UniqueIdentifier>
    </Filter>
    <Filter Include="Header Files\mode">
      <UniqueIdentifier>{bef8505e-d489-4ce8-8f56-318ffa5a09b3}</UniqueIdentifier>
    </Filter>
    <Filter Include="Header Files\obj">
      <UniqueIdentifier>{bf5f4da7-e8fd-4856-a854-59b58ac82404}</UniqueIdentifier>
    </Filter>
    <Filter Include="Header Files\wgl">
      <UniqueIdentifier>{9ff79dd5-c712-47a5-b272-c8eea7d6a5bb}</UniqueIdentifier>
    </Filter>
    <Filter Include="Source Files\obj\coord">
      <UniqueIdentifier>{d19d9a26-e91c-47cd-a591-a75c4e785305}</UniqueIdentifier>
    </Filter>
    <Filter Include="Source Files\obj\prim">
      <UniqueIdentifier>{993e7676-aac2-45e4-8bd2-c5dc89c4c403}</UniqueIdentifier>
    </Filter>
    <Filter Include="Resource Files\data">
      <UniqueIdentifier>{983f9f7b-a250-4813-a8fe-cbc2d23edb26}</UniqueIdentifier>
    </Filter>
    <Filter Include="Resource Files\data\textures">
      <UniqueIdentifier>{a58543b1-e451-49f9-8eeb-58b7a45fa8d0}</UniqueIdentifier>
    </Filter>
    <Filter Include="Source Files\util">
      <UniqueIdentifier>{1e656dd0-50ee-4d6a-aecb-1fb3b9f7a250}</UniqueIdentifier>
    </Filter>
    <Filter Include="Header Files\util">
      <UniqueIdentifier>{854bd0cd-243c-4e01-b9c2-5102dc972d40}</UniqueIdentifier>
    </Filter>
  </ItemGroup>
  <ItemGroup>
    <ClCompile Include="src\main.c">
      <Filter>Source Files</Filter>
    </ClCompile>
    <ClCompile Include="src\graphics\objects\hedrons.c">
      <Filter>Source Files\obj</Filter>
    </ClCompile>
    <ClCompile Include="src\graphics\primitives\grid2d.c">
      <Filter>Source Files\obj\coord</Filter>
    </ClCompile>
    <ClCompile Include="src\graphics\primitives\grid3d.c">
      <Filter>Source Files\obj\coord</Filter>
    </ClCompile>
    <ClCompile Include="src\graphics\primitives\point2d.c">
      <Filter>Source Files\obj\coord</Filter>
    </ClCompile>
    <ClCompile Include="src\graphics\primitives\point3d.c">
      <Filter>Source Files\obj\coord</Filter>
    </ClCompile>
    <ClCompile Include="src\graphics\primitives\poly2d.c">
      <Filter>Source Files\obj\prim</Filter>
    </ClCompile>
    <ClCompile Include="src\graphics\primitives\poly3d.c">
      <Filter>Source Files\obj\prim</Filter>
    </ClCompile>
    <ClCompile Include="src\graphics\contexts\wglcontext.c">
      <Filter>Source Files\gfx</Filter>
    </ClCompile>
    <ClCompile Include="src\input\wglevent.c">
      <Filter>Source Files\input</Filter>
    </ClCompile>
    <ClCompile Include="src\modes\diamond.c">
      <Filter>Source Files\mode</Filter>
    </ClCompile>
    <ClCompile Include="src\modes\map.c">
      <Filter>Source Files\mode</Filter>
    </ClCompile>
    <ClCompile Include="src\modes\sandbox.c">
      <Filter>Source Files\mode</Filter>
    </ClCompile>
    <ClCompile Include="src\modes\stage.c">
      <Filter>Source Files\mode</Filter>
    </ClCompile>
    <ClCompile Include="src\modes\scene_test.c">
      <Filter>Source Files\mode</Filter>
    </ClCompile>
    <ClCompile Include="src\graphics\objects\scene.c">
      <Filter>Source Files\obj</Filter>
    </ClCompile>
    <ClCompile Include="src\graphics\objects\texture.c">
      <Filter>Source Files\obj</Filter>
    </ClCompile>
    <ClCompile Include="src\graphics\primitives\collision\collision_box.c">
      <Filter>Source Files\obj\prim</Filter>
    </ClCompile>
    <ClCompile Include="src\graphics\primitives\collision\collision_router.c">
      <Filter>Source Files\obj\prim</Filter>
    </ClCompile>
    <ClCompile Include="src\graphics\objects\actor.c">
      <Filter>Source Files\obj</Filter>
    </ClCompile>
    <ClCompile Include="src\graphics\objects\collision_index.c">
      <Filter>Source Files\obj</Filter>
    </ClCompile>
    <ClCompile Include="src\graphics\objects\prisms.c">
      <Filter>Source Files\obj</Filter>
    </ClCompile>
    <ClCompile Include="src\util\veccomp.c">
      <Filter>Source Files\util</Filter>
    </ClCompile>
  </ItemGroup>
  <ItemGroup>
    <ClInclude Include="src\input\input.h">
      <Filter>Header Files</Filter>
    </ClInclude>
    <ClInclude Include="src\util\macros.h">
      <Filter>Header Files</Filter>
    </ClInclude>
    <ClInclude Include="src\modes\diamond.h">
      <Filter>Header Files\mode</Filter>
    </ClInclude>
    <ClInclude Include="src\modes\map.h">
      <Filter>Header Files\mode</Filter>
    </ClInclude>
    <ClInclude Include="src\modes\sandbox.h">
      <Filter>Header Files\mode</Filter>
    </ClInclude>
    <ClInclude Include="src\graphics\objects\hedrons.h">
      <Filter>Header Files\obj</Filter>
    </ClInclude>
    <ClInclude Include="src\modes\modes.h">
      <Filter>Header Files</Filter>
    </ClInclude>
    <ClInclude Include="src\modes\stage.h">
      <Filter>Header Files\mode</Filter>
    </ClInclude>
    <ClInclude Include="src\graphics\contexts\glcontext.h">
      <Filter>Header Files</Filter>
    </ClInclude>
    <ClInclude Include="src\graphics\contexts\wglcontext.h">
      <Filter>Header Files\wgl</Filter>
    </ClInclude>
    <ClInclude Include="src\graphics\primitives\coord.h">
      <Filter>Header Files\obj</Filter>
    </ClInclude>
    <ClInclude Include="src\graphics\primitives\prim.h">
      <Filter>Header Files\obj</Filter>
    </ClInclude>
    <ClInclude Include="src\assets\assets.h">
      <Filter>Header Files</Filter>
    </ClInclude>
    <ClInclude Include="src\modes\scene_test.h">
      <Filter>Header Files\mode</Filter>
    </ClInclude>
    <ClInclude Include="src\graphics\objects\scene.h">
      <Filter>Header Files\obj</Filter>
    </ClInclude>
    <ClInclude Include="src\graphics\objects\texture.h">
      <Filter>Header Files\obj</Filter>
    </ClInclude>
    <ClInclude Include="src\util\veccomp.h">
      <Filter>Header Files\util</Filter>
    </ClInclude>
    <ClInclude Include="src\graphics\objects\actor.h">
      <Filter>Header Files\obj</Filter>
    </ClInclude>
    <ClInclude Include="src\graphics\objects\collision_index.h">
      <Filter>Header Files\obj</Filter>
    </ClInclude>
    <ClInclude Include="src\graphics\objects\prisms.h">
      <Filter>Header Files\obj</Filter>
    </ClInclude>
    <ClInclude Include="src\graphics\primitives\collision.h">
      <Filter>Header Files\obj</Filter>
    </ClInclude>
  </ItemGroup>
  <ItemGroup>
    <None Include="data\textures\rgba_font.bin">
      <Filter>Resource Files\data\textures</Filter>
    </None>
    <None Include="data\textures\rgba_menu.bin">
      <Filter>Resource Files\data\textures</Filter>
    </None>
  </ItemGroup>
</Project>