<?xml version="1.0" encoding="utf-8"?>
<Project ToolsVersion="4.0" xmlns="http://schemas.microsoft.com/developer/msbuild/2003">
  <ItemGroup>
    <Filter Include="Source Files">
      <UniqueIdentifier>{4FC737F1-C7A5-4376-A066-2A32D752A2FF}</UniqueIdentifier>
      <Extensions>cpp;c;cc;cxx;def;odl;idl;hpj;bat;asm;asmx</Extensions>
    </Filter>
    <Filter Include="Header Files">
      <UniqueIdentifier>{93995380-89BD-4b04-88EB-625FBE52EBFB}</UniqueIdentifier>
      <Extensions>h;hh;hpp;hxx;hm;inl;inc;ipp;xsd</Extensions>
    </Filter>
    <Filter Include="Source Files\gfx">
      <UniqueIdentifier>{b0795ff9-af0d-4689-9aa5-d3344e51b162}</UniqueIdentifier>
    </Filter>
    <Filter Include="Source Files\input">
      <UniqueIdentifier>{8d5fb6b5-b880-4ad1-a235-830a9e9eb1ba}</UniqueIdentifier>
    </Filter>
    <Filter Include="Source Files\mode">
      <UniqueIdentifier>{8e8baf0a-958e-4fdd-8de2-8a28056fecd9}</UniqueIdentifier>
    </Filter>
    <Filter Include="Header Files\mode">
      <UniqueIdentifier>{bef8505e-d489-4ce8-8f56-318ffa5a09b3}</UniqueIdentifier>
    </Filter>
    <Filter Include="Header Files\wgl">
      <UniqueIdentifier>{9ff79dd5-c712-47a5-b272-c8eea7d6a5bb}</UniqueIdentifier>
    </Filter>
    <Filter Include="Source Files\mode\actor_test_obj">
      <UniqueIdentifier>{c5de7ca3-2fae-4437-b3a9-95b2c2a90387}</UniqueIdentifier>
    </Filter>
    <Filter Include="Source Files\scene">
      <UniqueIdentifier>{f5765169-8d76-447f-9733-f31c97c7fadc}</UniqueIdentifier>
    </Filter>
    <Filter Include="Source Files\scene\collision">
      <UniqueIdentifier>{bc82a5c1-9c44-4c17-8e69-b74e0f979468}</UniqueIdentifier>
    </Filter>
    <Filter Include="Source Files\mode\actor_test_obj\actors">
      <UniqueIdentifier>{4fad2d23-c30d-4e89-9afb-1a8a43810ec5}</UniqueIdentifier>
    </Filter>
    <Filter Include="Source Files\mode\actor_test_obj\nodes">
      <UniqueIdentifier>{6a02e8e3-837a-4f14-8ce2-c11cd4041b48}</UniqueIdentifier>
    </Filter>
    <Filter Include="Source Files\prim">
      <UniqueIdentifier>{6cb6ac43-a6bd-44c4-b402-4b418f265068}</UniqueIdentifier>
    </Filter>
    <Filter Include="Header Files\scene">
      <UniqueIdentifier>{2085b9d9-b813-4825-81dd-31731410bf44}</UniqueIdentifier>
    </Filter>
    <Filter Include="Header Files\prim">
      <UniqueIdentifier>{46e68572-043e-4f2b-9c94-e37514456c5b}</UniqueIdentifier>
    </Filter>
    <Filter Include="Header Files\mode\actor_test_obj">
      <UniqueIdentifier>{faa0175a-2a0f-4e84-b9f1-be268609fed9}</UniqueIdentifier>
    </Filter>
    <Filter Include="Source Files\mode\logos_obj">
      <UniqueIdentifier>{b950f254-7e86-4c36-9b10-0c13ccccd3cf}</UniqueIdentifier>
    </Filter>
    <Filter Include="Source Files\mode\titlescreen_obj">
      <UniqueIdentifier>{295bc514-7744-4002-b2bb-638d051e987d}</UniqueIdentifier>
    </Filter>
    <Filter Include="Source Files\mode\logos_obj\nodes">
      <UniqueIdentifier>{dafbcdcb-812d-415b-ab2d-48f9831ffa2f}</UniqueIdentifier>
    </Filter>
    <Filter Include="Header Files\mode\logos_obj">
      <UniqueIdentifier>{3e30b121-aaa7-4838-983e-5cdda7a11ec1}</UniqueIdentifier>
    </Filter>
    <Filter Include="Header Files\mode\titlescreen_obj">
      <UniqueIdentifier>{d9e89dfc-3c4b-4aee-bc93-a209500c1d5d}</UniqueIdentifier>
    </Filter>
  </ItemGroup>
  <ItemGroup>
    <ClCompile Include="src\main.c">
      <Filter>Source Files</Filter>
    </ClCompile>
    <ClCompile Include="src\graphics\contexts\wglcontext.c">
      <Filter>Source Files\gfx</Filter>
    </ClCompile>
    <ClCompile Include="src\input\wglevent.c">
      <Filter>Source Files\input</Filter>
    </ClCompile>
    <ClCompile Include="src\modes\actor_test.c">
      <Filter>Source Files\mode</Filter>
    </ClCompile>
    <ClCompile Include="src\scene\actor.c">
      <Filter>Source Files\scene</Filter>
    </ClCompile>
    <ClCompile Include="src\scene\node.c">
      <Filter>Source Files\scene</Filter>
    </ClCompile>
    <ClCompile Include="src\scene\scene.c">
      <Filter>Source Files\scene</Filter>
    </ClCompile>
    <ClCompile Include="src\scene\texture.c">
      <Filter>Source Files\scene</Filter>
    </ClCompile>
    <ClCompile Include="src\scene\collision\collision_box.c">
      <Filter>Source Files\scene\collision</Filter>
    </ClCompile>
    <ClCompile Include="src\scene\collision\collision_router.c">
      <Filter>Source Files\scene\collision</Filter>
    </ClCompile>
    <ClCompile Include="src\modes\actor_test_obj\actors\cube.c">
      <Filter>Source Files\mode\actor_test_obj\actors</Filter>
    </ClCompile>
    <ClCompile Include="src\modes\actor_test_obj\actors\tetrahedron.c">
      <Filter>Source Files\mode\actor_test_obj\actors</Filter>
    </ClCompile>
    <ClCompile Include="src\modes\actor_test_obj\nodes\camera.c">
      <Filter>Source Files\mode\actor_test_obj\nodes</Filter>
    </ClCompile>
    <ClCompile Include="src\modes\actor_test_obj\nodes\environment.c">
      <Filter>Source Files\mode\actor_test_obj\nodes</Filter>
    </ClCompile>
    <ClCompile Include="src\modes\actor_test_obj\nodes\orbit.c">
      <Filter>Source Files\mode\actor_test_obj\nodes</Filter>
    </ClCompile>
    <ClCompile Include="src\modes\actor_test_obj\nodes\player.c">
      <Filter>Source Files\mode\actor_test_obj\nodes</Filter>
    </ClCompile>
    <ClCompile Include="src\graphics\primitives\grid2d.c">
      <Filter>Source Files\prim</Filter>
    </ClCompile>
    <ClCompile Include="src\graphics\primitives\grid3d.c">
      <Filter>Source Files\prim</Filter>
    </ClCompile>
    <ClCompile Include="src\graphics\primitives\point2d.c">
      <Filter>Source Files\prim</Filter>
    </ClCompile>
    <ClCompile Include="src\graphics\primitives\point3d.c">
      <Filter>Source Files\prim</Filter>
    </ClCompile>
    <ClCompile Include="src\graphics\primitives\poly2d.c">
      <Filter>Source Files\prim</Filter>
    </ClCompile>
    <ClCompile Include="src\graphics\primitives\poly3d.c">
      <Filter>Source Files\prim</Filter>
    </ClCompile>
    <ClCompile Include="src\graphics\primitives\vect.c">
      <Filter>Source Files\prim</Filter>
    </ClCompile>
    <ClCompile Include="src\modes\actor_test_obj\actors\triangle.c">
      <Filter>Source Files\mode\actor_test_obj\actors</Filter>
    </ClCompile>
    <ClCompile Include="src\modes\actor_test_obj\nodes\box.c">
      <Filter>Source Files\mode\actor_test_obj\nodes</Filter>
    </ClCompile>
    <ClCompile Include="src\modes\actor_test_obj\nodes\collectible.c">
      <Filter>Source Files\mode\actor_test_obj\nodes</Filter>
    </ClCompile>
    <ClCompile Include="src\modes\actor_test_obj\actors\person.c">
      <Filter>Source Files\mode\actor_test_obj\actors</Filter>
    </ClCompile>
    <ClCompile Include="src\modes\logos.c">
      <Filter>Source Files\mode</Filter>
    </ClCompile>
    <ClCompile Include="src\modes\modes.c">
      <Filter>Source Files\mode</Filter>
    </ClCompile>
    <ClCompile Include="src\modes\titlescreen.c">
      <Filter>Source Files\mode</Filter>
    </ClCompile>
    <ClCompile Include="src\modes\logos_obj\nodes\plane.c">
      <Filter>Source Files\mode\logos_obj\nodes</Filter>
    </ClCompile>
    <ClCompile Include="src\input\input.c">
      <Filter>Source Files\input</Filter>
    </ClCompile>
    <ClCompile Include="src\graphics\contexts\glcontext.c">
      <Filter>Source Files\gfx</Filter>
    </ClCompile>
  </ItemGroup>
  <ItemGroup>
    <ClInclude Include="src\input\input.h">
      <Filter>Header Files</Filter>
    </ClInclude>
    <ClInclude Include="src\util\macros.h">
      <Filter>Header Files</Filter>
    </ClInclude>
    <ClInclude Include="src\modes\modes.h">
      <Filter>Header Files</Filter>
    </ClInclude>
    <ClInclude Include="src\graphics\contexts\glcontext.h">
      <Filter>Header Files</Filter>
    </ClInclude>
    <ClInclude Include="src\graphics\contexts\wglcontext.h">
      <Filter>Header Files\wgl</Filter>
    </ClInclude>
    <ClInclude Include="src\assets\assets.h">
      <Filter>Header Files</Filter>
    </ClInclude>
    <ClInclude Include="src\modes\actor_test.h">
      <Filter>Header Files\mode</Filter>
    </ClInclude>
    <ClInclude Include="src\scene\actor.h">
      <Filter>Header Files\scene</Filter>
    </ClInclude>
    <ClInclude Include="src\scene\collision.h">
      <Filter>Header Files\scene</Filter>
    </ClInclude>
    <ClInclude Include="src\scene\node.h">
      <Filter>Header Files\scene</Filter>
    </ClInclude>
    <ClInclude Include="src\scene\scene.h">
      <Filter>Header Files\scene</Filter>
    </ClInclude>
    <ClInclude Include="src\scene\texture.h">
      <Filter>Header Files\scene</Filter>
    </ClInclude>
    <ClInclude Include="src\graphics\primitives\coord.h">
      <Filter>Header Files\prim</Filter>
    </ClInclude>
    <ClInclude Include="src\graphics\primitives\prim.h">
      <Filter>Header Files\prim</Filter>
    </ClInclude>
    <ClInclude Include="src\graphics\primitives\vect.h">
      <Filter>Header Files\prim</Filter>
    </ClInclude>
    <ClInclude Include="src\modes\actor_test_obj\actors.h">
      <Filter>Header Files\mode\actor_test_obj</Filter>
    </ClInclude>
    <ClInclude Include="src\modes\actor_test_obj\nodes.h">
      <Filter>Header Files\mode\actor_test_obj</Filter>
    </ClInclude>
    <ClInclude Include="src\modes\logos.h">
      <Filter>Header Files\mode</Filter>
    </ClInclude>
    <ClInclude Include="src\modes\titlescreen.h">
      <Filter>Header Files\mode</Filter>
    </ClInclude>
    <ClInclude Include="src\modes\logos_obj\actors.h">
      <Filter>Header Files\mode\logos_obj</Filter>
    </ClInclude>
    <ClInclude Include="src\modes\logos_obj\nodes.h">
      <Filter>Header Files\mode\logos_obj</Filter>
    </ClInclude>
  </ItemGroup>
</Project>